
Microsoft Visual Studio Solution File, Format Version 12.00
# Visual Studio Version 16
VisualStudioVersion = 16.0.29201.188
MinimumVisualStudioVersion = 10.0.40219.1
Project("{FAE04EC0-301F-11D3-BF4B-00C04F79EFBC}") = "DesktopProject", "DesktopProject\DesktopProject.csproj", "{F2D499C2-816F-4BC6-8C75-8AE9435A0CB8}"
EndProject
Project("{FAE04EC0-301F-11D3-BF4B-00C04F79EFBC}") = "Library4Project", "Library4Project\Library4Project.csproj", "{D25EFEC9-8807-42EB-B96A-04BCD3402184}"
EndProject
Project("{FAE04EC0-301F-11D3-BF4B-00C04F79EFBC}") = "WebProject", "WebProject\WebProject.csproj", "{7DC938CE-7608-4E76-9F11-4E0FE5BE0E69}"
EndProject
Global
	GlobalSection(SolutionConfigurationPlatforms) = preSolution
		Debug|Any CPU = Debug|Any CPU
		Release|Any CPU = Release|Any CPU
	EndGlobalSection
	GlobalSection(ProjectConfigurationPlatforms) = postSolution
		{F2D499C2-816F-4BC6-8C75-8AE9435A0CB8}.Debug|Any CPU.ActiveCfg = Debug|Any CPU
		{F2D499C2-816F-4BC6-8C75-8AE9435A0CB8}.Debug|Any CPU.Build.0 = Debug|Any CPU
		{F2D499C2-816F-4BC6-8C75-8AE9435A0CB8}.Release|Any CPU.ActiveCfg = Release|Any CPU
		{F2D499C2-816F-4BC6-8C75-8AE9435A0CB8}.Release|Any CPU.Build.0 = Release|Any CPU
		{D25EFEC9-8807-42EB-B96A-04BCD3402184}.Debug|Any CPU.ActiveCfg = Debug|Any CPU
		{D25EFEC9-8807-42EB-B96A-04BCD3402184}.Debug|Any CPU.Build.0 = Debug|Any CPU
		{D25EFEC9-8807-42EB-B96A-04BCD3402184}.Release|Any CPU.ActiveCfg = Release|Any CPU
		{D25EFEC9-8807-42EB-B96A-04BCD3402184}.Release|Any CPU.Build.0 = Release|Any CPU
		{7DC938CE-7608-4E76-9F11-4E0FE5BE0E69}.Debug|Any CPU.ActiveCfg = Debug|Any CPU
		{7DC938CE-7608-4E76-9F11-4E0FE5BE0E69}.Debug|Any CPU.Build.0 = Debug|Any CPU
		{7DC938CE-7608-4E76-9F11-4E0FE5BE0E69}.Release|Any CPU.ActiveCfg = Release|Any CPU
		{7DC938CE-7608-4E76-9F11-4E0FE5BE0E69}.Release|Any CPU.Build.0 = Release|Any CPU
	EndGlobalSection
	GlobalSection(SolutionProperties) = preSolution
		HideSolutionNode = FALSE
	EndGlobalSection
	GlobalSection(ExtensibilityGlobals) = postSolution
		SolutionGuid = {4C88E6FE-2828-4FC9-895D-387253369B5F}
	EndGlobalSection
EndGlobal
